{
  "name": "website",
  "version": "0.0.1",
  "lockfileVersion": 3,
  "requires": true,
  "packages": {
    "": {
      "name": "website",
      "version": "0.0.1",
      "dependencies": {
        "@astrojs/react": "^5.0.0",
        "@tailwindcss/typography": "^0.5.19",
        "@tailwindcss/vite": "^4.2.1",
        "@types/react": "^19.2.14",
        "@types/react-dom": "^19.2.3",
        "astro": "^6.0.4",
        "matter-js": "^0.20.0",
        "react": "^19.2.4",
        "react-dom": "^19.2.4",
        "sharp": "^0.34.5",
        "tailwindcss": "^4.2.1"
      },
      "devDependencies": {
        "@types/matter-js": "^0.20.2",
        "prettier": "^3.8.1",
        "prettier-plugin-astro": "^0.14.1"
      },
      "engines": {
        "node": ">=22.12.0"
      }
    },
    "../node_modules/.pnpm/@astrojs+react@5.0.0_@types+node@24.10.1_@types+react-dom@19.2.3_@types+react@19.2.14___f7f9323dfe308284a4f9451eafe37f44/node_modules/@astrojs/react": {
      "version": "5.0.0",
      "license": "MIT",
      "dependencies": {
        "@astrojs/internal-helpers": "0.8.0",
        "@vitejs/plugin-react": "^5.1.4",
        "devalue": "^5.6.3",
        "ultrahtml": "^1.6.0",
        "vite": "^7.3.1"
      },
      "devDependencies": {
        "@types/react": "^18.3.28",
        "@types/react-dom": "^18.3.7",
        "astro": "6.0.0",
        "astro-scripts": "0.0.14",
        "cheerio": "1.2.0",
        "react": "^18.3.1",
        "react-dom": "^18.3.1"
      },
      "engines": {
        "node": "^20.19.1 || >=22.12.0"
      },
      "peerDependencies": {
        "@types/react": "^17.0.50 || ^18.0.21 || ^19.0.0",
        "@types/react-dom": "^17.0.17 || ^18.0.6 || ^19.0.0",
        "react": "^17.0.2 || ^18.0.0 || ^19.0.0",
        "react-dom": "^17.0.2 || ^18.0.0 || ^19.0.0"
      }
    },
    "../node_modules/.pnpm/@tailwindcss+typography@0.5.19_tailwindcss@4.2.1/node_modules/@tailwindcss/typography": {
      "version": "0.5.19",
      "license": "MIT",
      "dependencies": {
        "postcss-selector-parser": "6.0.10"
      },
      "devDependencies": {
        "@mdx-js/loader": "^1.0.19",
        "@mdx-js/mdx": "^1.6.6",
        "@next/mdx": "^8.1.0",
        "autoprefixer": "^10.2.1",
        "highlight.js": "^10.4.1",
        "jest": "^29.7.0",
        "jest-diff": "^27.3.1",
        "next": "^12.0.1",
        "postcss": "^8.2.3",
        "prettier": "^2.1.2",
        "react": "^17.0.2",
        "react-dom": "^17.0.2",
        "tailwindcss": "^3.2.2"
      },
      "peerDependencies": {
        "tailwindcss": ">=3.0.0 || insiders || >=4.0.0-alpha.20 || >=4.0.0-beta.1"
      }
    },
    "../node_modules/.pnpm/@tailwindcss+vite@4.2.1_vite@7.1.12_@types+node@24.10.1_jiti@2.6.1_lightningcss@1.31.1__fa6e04a8ddef9f2ba2e4b5f8e9fcd63c/node_modules/@tailwindcss/vite": {
      "version": "4.2.1",
      "license": "MIT",
      "dependencies": {
        "@tailwindcss/node": "4.2.1",
        "@tailwindcss/oxide": "4.2.1",
        "tailwindcss": "4.2.1"
      },
      "devDependencies": {
        "@types/node": "^20.19.0",
        "vite": "^7.3.1"
      },
      "peerDependencies": {
        "vite": "^5.2.0 || ^6 || ^7"
      }
    },
    "../node_modules/.pnpm/@types+react-dom@19.2.3_@types+react@19.2.14/node_modules/@types/react-dom": {
      "version": "19.2.3",
      "license": "MIT",
      "peerDependencies": {
        "@types/react": "^19.2.0"
      }
    },
    "../node_modules/.pnpm/@types+react@19.2.14/node_modules/@types/react": {
      "version": "19.2.14",
      "license": "MIT",
      "dependencies": {
        "csstype": "^3.2.2"
      }
    },
    "../node_modules/.pnpm/astro@6.0.4_@types+node@24.10.1_jiti@2.6.1_lightningcss@1.31.1_rollup@4.52.5_sass@1.98._c97ce2e533955b7397ec92ef940d5308/node_modules/astro": {
      "version": "6.0.4",
      "license": "MIT",
      "dependencies": {
        "@astrojs/compiler": "^3.0.0",
        "@astrojs/internal-helpers": "0.8.0",
        "@astrojs/markdown-remark": "7.0.0",
        "@astrojs/telemetry": "3.3.0",
        "@capsizecss/unpack": "^4.0.0",
        "@clack/prompts": "^1.0.1",
        "@oslojs/encoding": "^1.1.0",
        "@rollup/pluginutils": "^5.3.0",
        "aria-query": "^5.3.2",
        "axobject-query": "^4.1.0",
        "ci-info": "^4.4.0",
        "clsx": "^2.1.1",
        "common-ancestor-path": "^2.0.0",
        "cookie": "^1.1.1",
        "devalue": "^5.6.3",
        "diff": "^8.0.3",
        "dlv": "^1.1.3",
        "dset": "^3.1.4",
        "es-module-lexer": "^2.0.0",
        "esbuild": "^0.27.3",
        "flattie": "^1.1.1",
        "fontace": "~0.4.1",
        "github-slugger": "^2.0.0",
        "html-escaper": "3.0.3",
        "http-cache-semantics": "^4.2.0",
        "js-yaml": "^4.1.1",
        "magic-string": "^0.30.21",
        "magicast": "^0.5.2",
        "mrmime": "^2.0.1",
        "neotraverse": "^0.6.18",
        "obug": "^2.1.1",
        "p-limit": "^7.3.0",
        "p-queue": "^9.1.0",
        "package-manager-detector": "^1.6.0",
        "piccolore": "^0.1.3",
        "picomatch": "^4.0.3",
        "rehype": "^13.0.2",
        "semver": "^7.7.4",
        "shiki": "^4.0.0",
        "smol-toml": "^1.6.0",
        "svgo": "^4.0.0",
        "tinyclip": "^0.1.6",
        "tinyexec": "^1.0.2",
        "tinyglobby": "^0.2.15",
        "tsconfck": "^3.1.6",
        "ultrahtml": "^1.6.0",
        "unifont": "~0.7.4",
        "unist-util-visit": "^5.1.0",
        "unstorage": "^1.17.4",
        "vfile": "^6.0.3",
        "vite": "^7.3.1",
        "vitefu": "^1.1.2",
        "xxhash-wasm": "^1.1.0",
        "yargs-parser": "^22.0.0",
        "zod": "^4.3.6"
      },
      "bin": {
        "astro": "bin/astro.mjs"
      },
      "devDependencies": {
        "@astrojs/check": "0.9.7",
        "@astrojs/compiler-rs": "^0.1.4",
        "@playwright/test": "1.58.2",
        "@types/aria-query": "^5.0.4",
        "@types/dlv": "^1.1.5",
        "@types/hast": "^3.0.4",
        "@types/html-escaper": "3.0.4",
        "@types/http-cache-semantics": "^4.2.0",
        "@types/js-yaml": "^4.0.9",
        "@types/picomatch": "^4.0.2",
        "@types/semver": "^7.7.1",
        "@types/yargs-parser": "^21.0.3",
        "astro-scripts": "0.0.14",
        "cheerio": "1.2.0",
        "eol": "^0.10.0",
        "expect-type": "^1.3.0",
        "fs-fixture": "^2.11.0",
        "mdast-util-mdx": "^3.0.0",
        "mdast-util-mdx-jsx": "^3.2.0",
        "node-mocks-http": "^1.17.2",
        "parse-srcset": "^1.0.2",
        "rehype-autolink-headings": "^7.1.0",
        "rehype-slug": "^6.0.0",
        "rehype-toc": "^3.0.2",
        "remark-code-titles": "^0.1.2",
        "rollup": "^4.58.0",
        "sass": "^1.97.3",
        "typescript": "^5.9.3",
        "undici": "^7.22.0",
        "unified": "^11.0.5",
        "vitest": "^3.2.4"
      },
      "engines": {
        "node": "^20.19.1 || >=22.12.0",
        "npm": ">=9.6.5",
        "pnpm": ">=7.1.0"
      },
      "funding": {
        "type": "opencollective",
        "url": "https://opencollective.com/astrodotbuild"
      },
      "optionalDependencies": {
        "sharp": "^0.34.0"
      }
    },
    "../node_modules/.pnpm/prettier-plugin-astro@0.14.1/node_modules/prettier-plugin-astro": {
      "version": "0.14.1",
      "dev": true,
      "license": "MIT",
      "dependencies": {
        "@astrojs/compiler": "^2.9.1",
        "prettier": "^3.0.0",
        "sass-formatter": "^0.7.6"
      },
      "devDependencies": {
        "@changesets/cli": "^2.26.1",
        "@rollup/plugin-commonjs": "^25.0.0",
        "@rollup/plugin-typescript": "^11.1.1",
        "@types/node": "^20.2.5",
        "@typescript-eslint/eslint-plugin": "^5.61.0",
        "@typescript-eslint/parser": "^5.61.0",
        "@vitest/ui": "^0.31.3",
        "eslint": "^8.44.0",
        "eslint-config-prettier": "^8.8.0",
        "eslint-plugin-prettier": "5.0.0-alpha.2",
        "eslint-plugin-prettier-doc": "^1.1.0",
        "rollup": "^3.23.0",
        "tslib": "^2.5.2",
        "typescript": "^5.0.4",
        "vite": "^4.4.3",
        "vitest": "^0.31.3"
      },
      "engines": {
        "node": "^14.15.0 || >=16.0.0"
      }
    },
    "../node_modules/.pnpm/prettier@3.8.1/node_modules/prettier": {
      "version": "3.8.1",
      "dev": true,
      "license": "MIT",
      "bin": {
        "prettier": "bin/prettier.cjs"
      },
      "engines": {
        "node": ">=14"
      },
      "funding": {
        "url": "https://github.com/prettier/prettier?sponsor=1"
      }
    },
    "../node_modules/.pnpm/react-dom@19.2.4_react@19.2.4/node_modules/react-dom": {
      "version": "19.2.4",
      "license": "MIT",
      "dependencies": {
        "scheduler": "^0.27.0"
      },
      "peerDependencies": {
        "react": "^19.2.4"
      }
    },
    "../node_modules/.pnpm/react@19.2.4/node_modules/react": {
      "version": "19.2.4",
      "license": "MIT",
      "engines": {
        "node": ">=0.10.0"
      }
    },
    "../node_modules/.pnpm/sharp@0.34.5/node_modules/sharp": {
      "version": "0.34.5",
      "hasInstallScript": true,
      "license": "Apache-2.0",
      "dependencies": {
        "@img/colour": "^1.0.0",
        "detect-libc": "^2.1.2",
        "semver": "^7.7.3"
      },
      "devDependencies": {
        "@biomejs/biome": "^2.3.4",
        "@cpplint/cli": "^0.1.0",
        "@emnapi/runtime": "^1.7.0",
        "@img/sharp-libvips-dev": "1.2.4",
        "@img/sharp-libvips-dev-wasm32": "1.2.4",
        "@img/sharp-libvips-win32-arm64": "1.2.4",
        "@img/sharp-libvips-win32-ia32": "1.2.4",
        "@img/sharp-libvips-win32-x64": "1.2.4",
        "@types/node": "*",
        "emnapi": "^1.7.0",
        "exif-reader": "^2.0.2",
        "extract-zip": "^2.0.1",
        "icc": "^3.0.0",
        "jsdoc-to-markdown": "^9.1.3",
        "node-addon-api": "^8.5.0",
        "node-gyp": "^11.5.0",
        "tar-fs": "^3.1.1",
        "tsd": "^0.33.0"
      },
      "engines": {
        "node": "^18.17.0 || ^20.3.0 || >=21.0.0"
      },
      "funding": {
        "url": "https://opencollective.com/libvips"
      },
      "optionalDependencies": {
        "@img/sharp-darwin-arm64": "0.34.5",
        "@img/sharp-darwin-x64": "0.34.5",
        "@img/sharp-libvips-darwin-arm64": "1.2.4",
        "@img/sharp-libvips-darwin-x64": "1.2.4",
        "@img/sharp-libvips-linux-arm": "1.2.4",
        "@img/sharp-libvips-linux-arm64": "1.2.4",
        "@img/sharp-libvips-linux-ppc64": "1.2.4",
        "@img/sharp-libvips-linux-riscv64": "1.2.4",
        "@img/sharp-libvips-linux-s390x": "1.2.4",
        "@img/sharp-libvips-linux-x64": "1.2.4",
        "@img/sharp-libvips-linuxmusl-arm64": "1.2.4",
        "@img/sharp-libvips-linuxmusl-x64": "1.2.4",
        "@img/sharp-linux-arm": "0.34.5",
        "@img/sharp-linux-arm64": "0.34.5",
        "@img/sharp-linux-ppc64": "0.34.5",
        "@img/sharp-linux-riscv64": "0.34.5",
        "@img/sharp-linux-s390x": "0.34.5",
        "@img/sharp-linux-x64": "0.34.5",
        "@img/sharp-linuxmusl-arm64": "0.34.5",
        "@img/sharp-linuxmusl-x64": "0.34.5",
        "@img/sharp-wasm32": "0.34.5",
        "@img/sharp-win32-arm64": "0.34.5",
        "@img/sharp-win32-ia32": "0.34.5",
        "@img/sharp-win32-x64": "0.34.5"
      }
    },
    "../node_modules/.pnpm/tailwindcss@4.2.1/node_modules/tailwindcss": {
      "version": "4.2.1",
      "license": "MIT",
      "devDependencies": {
        "@jridgewell/remapping": "^2.3.5",
        "@tailwindcss/oxide": "^4.2.1",
        "@types/node": "^20.19.0",
        "dedent": "1.7.1",
        "lightningcss": "1.31.1",
        "magic-string": "^0.30.21",
        "source-map-js": "^1.2.1"
      }
    },
    "node_modules/@astrojs/react": {
      "resolved": "../node_modules/.pnpm/@astrojs+react@5.0.0_@types+node@24.10.1_@types+react-dom@19.2.3_@types+react@19.2.14___f7f9323dfe308284a4f9451eafe37f44/node_modules/@astrojs/react",
      "link": true
    },
    "node_modules/@tailwindcss/typography": {
      "resolved": "../node_modules/.pnpm/@tailwindcss+typography@0.5.19_tailwindcss@4.2.1/node_modules/@tailwindcss/typography",
      "link": true
    },
    "node_modules/@tailwindcss/vite": {
      "resolved": "../node_modules/.pnpm/@tailwindcss+vite@4.2.1_vite@7.1.12_@types+node@24.10.1_jiti@2.6.1_lightningcss@1.31.1__fa6e04a8ddef9f2ba2e4b5f8e9fcd63c/node_modules/@tailwindcss/vite",
      "link": true
    },
    "node_modules/@types/matter-js": {
      "version": "0.20.2",
      "resolved": "https://registry.npmjs.org/@types/matter-js/-/matter-js-0.20.2.tgz",
      "integrity": "sha512-3PPKy3QxvZ89h9+wdBV2488I1JLVs7DEpIkPvgO8JC1mUdiVSO37ZIvVctOTD7hIq8OAL2gJ3ugGSuUip6DhCw==",
      "dev": true,
      "license": "MIT"
    },
    "node_modules/@types/react": {
      "resolved": "../node_modules/.pnpm/@types+react@19.2.14/node_modules/@types/react",
      "link": true
    },
    "node_modules/@types/react-dom": {
      "resolved": "../node_modules/.pnpm/@types+react-dom@19.2.3_@types+react@19.2.14/node_modules/@types/react-dom",
      "link": true
    },
    "node_modules/astro": {
      "resolved": "../node_modules/.pnpm/astro@6.0.4_@types+node@24.10.1_jiti@2.6.1_lightningcss@1.31.1_rollup@4.52.5_sass@1.98._c97ce2e533955b7397ec92ef940d5308/node_modules/astro",
      "link": true
    },
    "node_modules/matter-js": {
      "version": "0.20.0",
      "resolved": "https://registry.npmjs.org/matter-js/-/matter-js-0.20.0.tgz",
      "integrity": "sha512-iC9fYR7zVT3HppNnsFsp9XOoQdQN2tUyfaKg4CHLH8bN+j6GT4Gw7IH2rP0tflAebrHFw730RR3DkVSZRX8hwA==",
      "license": "MIT"
    },
    "node_modules/prettier": {
      "resolved": "../node_modules/.pnpm/prettier@3.8.1/node_modules/prettier",
      "link": true
    },
    "node_modules/prettier-plugin-astro": {
      "resolved": "../node_modules/.pnpm/prettier-plugin-astro@0.14.1/node_modules/prettier-plugin-astro",
      "link": true
    },
    "node_modules/react": {
      "resolved": "../node_modules/.pnpm/react@19.2.4/node_modules/react",
      "link": true
    },
    "node_modules/react-dom": {
      "resolved": "../node_modules/.pnpm/react-dom@19.2.4_react@19.2.4/node_modules/react-dom",
      "link": true
    },
    "node_modules/sharp": {
      "resolved": "../node_modules/.pnpm/sharp@0.34.5/node_modules/sharp",
      "link": true
    },
    "node_modules/tailwindcss": {
      "resolved": "../node_modules/.pnpm/tailwindcss@4.2.1/node_modules/tailwindcss",
      "link": true
    }
  }
}
